{
    "_meta": {
        "hash": {
            "sha256": "9b129828f0b4e1b01e3b201f573da6f54a7fc6447e47af2b78dbd78bfd447dfe"
        },
        "pipfile-spec": 6,
        "requires": {
            "python_version": "3.12"
        },
        "sources": [
            {
                "name": "pypi",
                "url": "https://pypi.org/simple",
                "verify_ssl": true
            }
        ]
    },
    "default": {
        "setuptools": {
            "hashes": [
                "sha256:4880473a969e5f23f2a2be3646b2dfd84af9028716d398e46192f84bc36900d2",
                "sha256:558e47c15f1811c1fa7adbd0096669bf76c1d3f433f58324df69f3f5ecac4e8f"
            ],
            "index": "pypi",
            "markers": "python_version >= '3.9'",
            "version": "==75.8.2"
        },
        "wheel": {
            "hashes": [
                "sha256:661e1abd9198507b1409a20c02106d9670b2576e916d58f520316666abca6729",
                "sha256:708e7481cc80179af0e556bbf0cc00b8444c7321e2700b8d8580231d13017248"
            ],
            "index": "pypi",
            "markers": "python_version >= '3.8'",
            "version": "==0.45.1"
        }
    },
    "develop": {}
}
