
Microsoft Visual Studio Solution File, Format Version 12.00
# Visual Studio Version 17
VisualStudioVersion = 17.12.35527.113
MinimumVisualStudioVersion = 10.0.40219.1
Project("{FAE04EC0-301F-11D3-BF4B-00C04F79EFBC}") = "TestingMocks.Models", "TestingMocks.Models\TestingMocks.Models.csproj", "{F9040E89-D96D-48E4-8731-690BA780AAC8}"
EndProject
Project("{FAE04EC0-301F-11D3-BF4B-00C04F79EFBC}") = "TestingMocks.UserApiTests", "TestingMocks.UserApiTests\TestingMocks.UserApiTests\TestingMocks.UserApiTests.csproj", "{89B61D68-E2FB-4947-AC21-0644110FCE31}"
EndProject
Project("{FAE04EC0-301F-11D3-BF4B-00C04F79EFBC}") = "TestingMocks.CLI", "TestingMocks.CLI\TestingMocks.CLI.csproj", "{9535DA49-3F40-42CB-AD39-08D83793671F}"
EndProject
Project("{FAE04EC0-301F-11D3-BF4B-00C04F79EFBC}") = "TestingMocks.CLITests", "TestingMocks.CLITests\TestingMocks.CLITests.csproj", "{ED1DB365-171A-40DC-AA21-8FB47D01CEE8}"
EndProject
Project("{FAE04EC0-301F-11D3-BF4B-00C04F79EFBC}") = "TestingMocks.UserApi", "TestingMocks.UserApi\TestingMocks.UserApi.csproj", "{157E21C6-7DE9-4E66-A3D2-D869EDEC2E8D}"
EndProject
Global
	GlobalSection(SolutionConfigurationPlatforms) = preSolution
		Debug|Any CPU = Debug|Any CPU
		Release|Any CPU = Release|Any CPU
	EndGlobalSection
	GlobalSection(ProjectConfigurationPlatforms) = postSolution
		{F9040E89-D96D-48E4-8731-690BA780AAC8}.Debug|Any CPU.ActiveCfg = Debug|Any CPU
		{F9040E89-D96D-48E4-8731-690BA780AAC8}.Debug|Any CPU.Build.0 = Debug|Any CPU
		{F9040E89-D96D-48E4-8731-690BA780AAC8}.Release|Any CPU.ActiveCfg = Release|Any CPU
		{F9040E89-D96D-48E4-8731-690BA780AAC8}.Release|Any CPU.Build.0 = Release|Any CPU
		{89B61D68-E2FB-4947-AC21-0644110FCE31}.Debug|Any CPU.ActiveCfg = Debug|Any CPU
		{89B61D68-E2FB-4947-AC21-0644110FCE31}.Debug|Any CPU.Build.0 = Debug|Any CPU
		{89B61D68-E2FB-4947-AC21-0644110FCE31}.Release|Any CPU.ActiveCfg = Release|Any CPU
		{89B61D68-E2FB-4947-AC21-0644110FCE31}.Release|Any CPU.Build.0 = Release|Any CPU
		{9535DA49-3F40-42CB-AD39-08D83793671F}.Debug|Any CPU.ActiveCfg = Debug|Any CPU
		{9535DA49-3F40-42CB-AD39-08D83793671F}.Debug|Any CPU.Build.0 = Debug|Any CPU
		{9535DA49-3F40-42CB-AD39-08D83793671F}.Release|Any CPU.ActiveCfg = Release|Any CPU
		{9535DA49-3F40-42CB-AD39-08D83793671F}.Release|Any CPU.Build.0 = Release|Any CPU
		{ED1DB365-171A-40DC-AA21-8FB47D01CEE8}.Debug|Any CPU.ActiveCfg = Debug|Any CPU
		{ED1DB365-171A-40DC-AA21-8FB47D01CEE8}.Debug|Any CPU.Build.0 = Debug|Any CPU
		{ED1DB365-171A-40DC-AA21-8FB47D01CEE8}.Release|Any CPU.ActiveCfg = Release|Any CPU
		{ED1DB365-171A-40DC-AA21-8FB47D01CEE8}.Release|Any CPU.Build.0 = Release|Any CPU
		{157E21C6-7DE9-4E66-A3D2-D869EDEC2E8D}.Debug|Any CPU.ActiveCfg = Debug|Any CPU
		{157E21C6-7DE9-4E66-A3D2-D869EDEC2E8D}.Debug|Any CPU.Build.0 = Debug|Any CPU
		{157E21C6-7DE9-4E66-A3D2-D869EDEC2E8D}.Release|Any CPU.ActiveCfg = Release|Any CPU
		{157E21C6-7DE9-4E66-A3D2-D869EDEC2E8D}.Release|Any CPU.Build.0 = Release|Any CPU
	EndGlobalSection
	GlobalSection(SolutionProperties) = preSolution
		HideSolutionNode = FALSE
	EndGlobalSection
EndGlobal
